
Microsoft Visual Studio Solution File, Format Version 12.00
# Visual Studio Version 16
VisualStudioVersion = 16.0.30621.155
MinimumVisualStudioVersion = 10.0.40219.1
Project("{FAE04EC0-301F-11D3-BF4B-00C04F79EFBC}") = "Demo", "Demo.csproj", "{FFC899FC-7E0C-4CFB-8536-2F865F03F645}"
EndProject
Global
	GlobalSection(SolutionConfigurationPlatforms) = preSolution
		Debug|Any CPU = Debug|Any CPU
		Release|Any CPU = Release|Any CPU
	EndGlobalSection
	GlobalSection(ProjectConfigurationPlatforms) = postSolution
		{FFC899FC-7E0C-4CFB-8536-2F865F03F645}.Debug|Any CPU.ActiveCfg = Debug|Any CPU
		{FFC899FC-7E0C-4CFB-8536-2F865F03F645}.Debug|Any CPU.Build.0 = Debug|Any CPU
		{FFC899FC-7E0C-4CFB-8536-2F865F03F645}.Release|Any CPU.ActiveCfg = Release|Any CPU
		{FFC899FC-7E0C-4CFB-8536-2F865F03F645}.Release|Any CPU.Build.0 = Release|Any CPU
	EndGlobalSection
	GlobalSection(SolutionProperties) = preSolution
		HideSolutionNode = FALSE
	EndGlobalSection
	GlobalSection(ExtensibilityGlobals) = postSolution
		SolutionGuid = {5EE3AE4E-C196-4DAA-B658-00BEF7ED0F12}
	EndGlobalSection
EndGlobal
